// !$*UTF8*$!
{
	archiveVersion = 1;
	classes = {
	};
	objectVersion = 56;
	objects = {

/* Begin PBXBuildFile section */
		E680E8DF2CDD472200F550DA /* RecipeDetailView.swift in Sources */ = {isa = PBXBuildFile; fileRef = E680E8DE2CDD472100F550DA /* RecipeDetailView.swift */; };
		E6DF15A82CDC53CC00F367F6 /* RecipeApp.swift in Sources */ = {isa = PBXBuildFile; fileRef = E6DF15A72CDC53CC00F367F6 /* RecipeApp.swift */; };
		E6DF15AC2CDC53D700F367F6 /* Assets.xcassets in Resources */ = {isa = PBXBuildFile; fileRef = E6DF15AB2CDC53D700F367F6 /* Assets.xcassets */; };
		E6DF15B02CDC53D700F367F6 /* Preview Assets.xcassets in Resources */ = {isa = PBXBuildFile; fileRef = E6DF15AF2CDC53D700F367F6 /* Preview Assets.xcassets */; };
		E6DF15C42CDC53D800F367F6 /* RecipeUITests.swift in Sources */ = {isa = PBXBuildFile; fileRef = E6DF15C32CDC53D800F367F6 /* RecipeUITests.swift */; };
		E6DF15C62CDC53D800F367F6 /* RecipeUITestsLaunchTests.swift in Sources */ = {isa = PBXBuildFile; fileRef = E6DF15C52CDC53D800F367F6 /* RecipeUITestsLaunchTests.swift */; };
		E6DF15D52CDC549700F367F6 /* Recipe.swift in Sources */ = {isa = PBXBuildFile; fileRef = E6DF15D22CDC549600F367F6 /* Recipe.swift */; };
		E6DF15D62CDC549700F367F6 /* RecipeViewModel.swift in Sources */ = {isa = PBXBuildFile; fileRef = E6DF15D32CDC549600F367F6 /* RecipeViewModel.swift */; };
		E6DF15D72CDC549700F367F6 /* RecipeDataManager.swift in Sources */ = {isa = PBXBuildFile; fileRef = E6DF15D42CDC549700F367F6 /* RecipeDataManager.swift */; };
		E6DF15D92CDC551300F367F6 /* RecipeModelTests.swift in Sources */ = {isa = PBXBuildFile; fileRef = E6DF15D82CDC551300F367F6 /* RecipeModelTests.swift */; };
		E6DF15DB2CDC558200F367F6 /* RecipeViewModelTests.swift in Sources */ = {isa = PBXBuildFile; fileRef = E6DF15DA2CDC558200F367F6 /* RecipeViewModelTests.swift */; };
		E6DF15DD2CDC562900F367F6 /* RecipeListView.swift in Sources */ = {isa = PBXBuildFile; fileRef = E6DF15DC2CDC562900F367F6 /* RecipeListView.swift */; };
		E6DF15DF2CDC571500F367F6 /* ImageCache.swift in Sources */ = {isa = PBXBuildFile; fileRef = E6DF15DE2CDC571400F367F6 /* ImageCache.swift */; };
		E6DF15E12CDC57DB00F367F6 /* RecipeRow.swift in Sources */ = {isa = PBXBuildFile; fileRef = E6DF15E02CDC57DB00F367F6 /* RecipeRow.swift */; };
		E6FFC9462CDD5F850002FC8C /* CachedAsyncImage.swift in Sources */ = {isa = PBXBuildFile; fileRef = E6FFC9452CDD5F850002FC8C /* CachedAsyncImage.swift */; };
/* End PBXBuildFile section */

/* Begin PBXContainerItemProxy section */
		E6DF15B62CDC53D800F367F6 /* PBXContainerItemProxy */ = {
			isa = PBXContainerItemProxy;
			containerPortal = E6DF159C2CDC53CC00F367F6 /* Project object */;
			proxyType = 1;
			remoteGlobalIDString = E6DF15A32CDC53CC00F367F6;
			remoteInfo = Recipe;
		};
		E6DF15C02CDC53D800F367F6 /* PBXContainerItemProxy */ = {
			isa = PBXContainerItemProxy;
			containerPortal = E6DF159C2CDC53CC00F367F6 /* Project object */;
			proxyType = 1;
			remoteGlobalIDString = E6DF15A32CDC53CC00F367F6;
			remoteInfo = Recipe;
		};
/* End PBXContainerItemProxy section */

/* Begin PBXFileReference section */
		E680E8DE2CDD472100F550DA /* RecipeDetailView.swift */ = {isa = PBXFileReference; lastKnownFileType = sourcecode.swift; path = RecipeDetailView.swift; sourceTree = "<group>"; };
		E6DF15A42CDC53CC00F367F6 /* Recipe.app */ = {isa = PBXFileReference; explicitFileType = wrapper.application; includeInIndex = 0; path = Recipe.app; sourceTree = BUILT_PRODUCTS_DIR; };
		E6DF15A72CDC53CC00F367F6 /* RecipeApp.swift */ = {isa = PBXFileReference; lastKnownFileType = sourcecode.swift; path = RecipeApp.swift; sourceTree = "<group>"; };
		E6DF15AB2CDC53D700F367F6 /* Assets.xcassets */ = {isa = PBXFileReference; lastKnownFileType = folder.assetcatalog; path = Assets.xcassets; sourceTree = "<group>"; };
		E6DF15AD2CDC53D700F367F6 /* Recipe.entitlements */ = {isa = PBXFileReference; lastKnownFileType = text.plist.entitlements; path = Recipe.entitlements; sourceTree = "<group>"; };
		E6DF15AF2CDC53D700F367F6 /* Preview Assets.xcassets */ = {isa = PBXFileReference; lastKnownFileType = folder.assetcatalog; path = "Preview Assets.xcassets"; sourceTree = "<group>"; };
		E6DF15B52CDC53D800F367F6 /* RecipeTests.xctest */ = {isa = PBXFileReference; explicitFileType = wrapper.cfbundle; includeInIndex = 0; path = RecipeTests.xctest; sourceTree = BUILT_PRODUCTS_DIR; };
		E6DF15BF2CDC53D800F367F6 /* RecipeUITests.xctest */ = {isa = PBXFileReference; explicitFileType = wrapper.cfbundle; includeInIndex = 0; path = RecipeUITests.xctest; sourceTree = BUILT_PRODUCTS_DIR; };
		E6DF15C32CDC53D800F367F6 /* RecipeUITests.swift */ = {isa = PBXFileReference; lastKnownFileType = sourcecode.swift; path = RecipeUITests.swift; sourceTree = "<group>"; };
		E6DF15C52CDC53D800F367F6 /* RecipeUITestsLaunchTests.swift */ = {isa = PBXFileReference; lastKnownFileType = sourcecode.swift; path = RecipeUITestsLaunchTests.swift; sourceTree = "<group>"; };
		E6DF15D22CDC549600F367F6 /* Recipe.swift */ = {isa = PBXFileReference; fileEncoding = 4; lastKnownFileType = sourcecode.swift; path = Recipe.swift; sourceTree = "<group>"; };
		E6DF15D32CDC549600F367F6 /* RecipeViewModel.swift */ = {isa = PBXFileReference; fileEncoding = 4; lastKnownFileType = sourcecode.swift; path = RecipeViewModel.swift; sourceTree = "<group>"; };
		E6DF15D42CDC549700F367F6 /* RecipeDataManager.swift */ = {isa = PBXFileReference; fileEncoding = 4; lastKnownFileType = sourcecode.swift; path = RecipeDataManager.swift; sourceTree = "<group>"; };
		E6DF15D82CDC551300F367F6 /* RecipeModelTests.swift */ = {isa = PBXFileReference; lastKnownFileType = sourcecode.swift; path = RecipeModelTests.swift; sourceTree = "<group>"; };
		E6DF15DA2CDC558200F367F6 /* RecipeViewModelTests.swift */ = {isa = PBXFileReference; lastKnownFileType = sourcecode.swift; path = RecipeViewModelTests.swift; sourceTree = "<group>"; };
		E6DF15DC2CDC562900F367F6 /* RecipeListView.swift */ = {isa = PBXFileReference; lastKnownFileType = sourcecode.swift; path = RecipeListView.swift; sourceTree = "<group>"; };
		E6DF15DE2CDC571400F367F6 /* ImageCache.swift */ = {isa = PBXFileReference; lastKnownFileType = sourcecode.swift; path = ImageCache.swift; sourceTree = "<group>"; };
		E6DF15E02CDC57DB00F367F6 /* RecipeRow.swift */ = {isa = PBXFileReference; lastKnownFileType = sourcecode.swift; path = RecipeRow.swift; sourceTree = "<group>"; };
		E6FFC9452CDD5F850002FC8C /* CachedAsyncImage.swift */ = {isa = PBXFileReference; lastKnownFileType = sourcecode.swift; path = CachedAsyncImage.swift; sourceTree = "<group>"; };
/* End PBXFileReference section */

/* Begin PBXFrameworksBuildPhase section */
		E6DF15A12CDC53CC00F367F6 /* Frameworks */ = {
			isa = PBXFrameworksBuildPhase;
			buildActionMask = 2147483647;
			files = (
			);
			runOnlyForDeploymentPostprocessing = 0;
		};
		E6DF15B22CDC53D800F367F6 /* Frameworks */ = {
			isa = PBXFrameworksBuildPhase;
			buildActionMask = 2147483647;
			files = (
			);
			runOnlyForDeploymentPostprocessing = 0;
		};
		E6DF15BC2CDC53D800F367F6 /* Frameworks */ = {
			isa = PBXFrameworksBuildPhase;
			buildActionMask = 2147483647;
			files = (
			);
			runOnlyForDeploymentPostprocessing = 0;
		};
/* End PBXFrameworksBuildPhase section */

/* Begin PBXGroup section */
		E6DF159B2CDC53CC00F367F6 = {
			isa = PBXGroup;
			children = (
				E6DF15A62CDC53CC00F367F6 /* Recipe */,
				E6DF15B82CDC53D800F367F6 /* RecipeTests */,
				E6DF15C22CDC53D800F367F6 /* RecipeUITests */,
				E6DF15A52CDC53CC00F367F6 /* Products */,
			);
			sourceTree = "<group>";
		};
		E6DF15A52CDC53CC00F367F6 /* Products */ = {
			isa = PBXGroup;
			children = (
				E6DF15A42CDC53CC00F367F6 /* Recipe.app */,
				E6DF15B52CDC53D800F367F6 /* RecipeTests.xctest */,
				E6DF15BF2CDC53D800F367F6 /* RecipeUITests.xctest */,
			);
			name = Products;
			sourceTree = "<group>";
		};
		E6DF15A62CDC53CC00F367F6 /* Recipe */ = {
			isa = PBXGroup;
			children = (
				E6DF15D22CDC549600F367F6 /* Recipe.swift */,
				E6FFC9452CDD5F850002FC8C /* CachedAsyncImage.swift */,
				E6DF15D42CDC549700F367F6 /* RecipeDataManager.swift */,
				E6DF15DE2CDC571400F367F6 /* ImageCache.swift */,
				E6DF15D32CDC549600F367F6 /* RecipeViewModel.swift */,
				E6DF15A72CDC53CC00F367F6 /* RecipeApp.swift */,
				E6DF15DC2CDC562900F367F6 /* RecipeListView.swift */,
				E680E8DE2CDD472100F550DA /* RecipeDetailView.swift */,
				E6DF15E02CDC57DB00F367F6 /* RecipeRow.swift */,
				E6DF15AB2CDC53D700F367F6 /* Assets.xcassets */,
				E6DF15AD2CDC53D700F367F6 /* Recipe.entitlements */,
				E6DF15AE2CDC53D700F367F6 /* Preview Content */,
			);
			path = Recipe;
			sourceTree = "<group>";
		};
		E6DF15AE2CDC53D700F367F6 /* Preview Content */ = {
			isa = PBXGroup;
			children = (
				E6DF15AF2CDC53D700F367F6 /* Preview Assets.xcassets */,
			);
			path = "Preview Content";
			sourceTree = "<group>";
		};
		E6DF15B82CDC53D800F367F6 /* RecipeTests */ = {
			isa = PBXGroup;
			children = (
				E6DF15DA2CDC558200F367F6 /* RecipeViewModelTests.swift */,
				E6DF15D82CDC551300F367F6 /* RecipeModelTests.swift */,
			);
			path = RecipeTests;
			sourceTree = "<group>";
		};
		E6DF15C22CDC53D800F367F6 /* RecipeUITests */ = {
			isa = PBXGroup;
			children = (
				E6DF15C32CDC53D800F367F6 /* RecipeUITests.swift */,
				E6DF15C52CDC53D800F367F6 /* RecipeUITestsLaunchTests.swift */,
			);
			path = RecipeUITests;
			sourceTree = "<group>";
		};
/* End PBXGroup section */

/* Begin PBXNativeTarget section */
		E6DF15A32CDC53CC00F367F6 /* Recipe */ = {
			isa = PBXNativeTarget;
			buildConfigurationList = E6DF15C92CDC53D800F367F6 /* Build configuration list for PBXNativeTarget "Recipe" */;
			buildPhases = (
				E6DF15A02CDC53CC00F367F6 /* Sources */,
				E6DF15A12CDC53CC00F367F6 /* Frameworks */,
				E6DF15A22CDC53CC00F367F6 /* Resources */,
			);
			buildRules = (
			);
			dependencies = (
			);
			name = Recipe;
			productName = Recipe;
			productReference = E6DF15A42CDC53CC00F367F6 /* Recipe.app */;
			productType = "com.apple.product-type.application";
		};
		E6DF15B42CDC53D800F367F6 /* RecipeTests */ = {
			isa = PBXNativeTarget;
			buildConfigurationList = E6DF15CC2CDC53D800F367F6 /* Build configuration list for PBXNativeTarget "RecipeTests" */;
			buildPhases = (
				E6DF15B12CDC53D800F367F6 /* Sources */,
				E6DF15B22CDC53D800F367F6 /* Frameworks */,
				E6DF15B32CDC53D800F367F6 /* Resources */,
			);
			buildRules = (
			);
			dependencies = (
				E6DF15B72CDC53D800F367F6 /* PBXTargetDependency */,
			);
			name = RecipeTests;
			productName = RecipeTests;
			productReference = E6DF15B52CDC53D800F367F6 /* RecipeTests.xctest */;
			productType = "com.apple.product-type.bundle.unit-test";
		};
		E6DF15BE2CDC53D800F367F6 /* RecipeUITests */ = {
			isa = PBXNativeTarget;
			buildConfigurationList = E6DF15CF2CDC53D800F367F6 /* Build configuration list for PBXNativeTarget "RecipeUITests" */;
			buildPhases = (
				E6DF15BB2CDC53D800F367F6 /* Sources */,
				E6DF15BC2CDC53D800F367F6 /* Frameworks */,
				E6DF15BD2CDC53D800F367F6 /* Resources */,
			);
			buildRules = (
			);
			dependencies = (
				E6DF15C12CDC53D800F367F6 /* PBXTargetDependency */,
			);
			name = RecipeUITests;
			productName = RecipeUITests;
			productReference = E6DF15BF2CDC53D800F367F6 /* RecipeUITests.xctest */;
			productType = "com.apple.product-type.bundle.ui-testing";
		};
/* End PBXNativeTarget section */

/* Begin PBXProject section */
		E6DF159C2CDC53CC00F367F6 /* Project object */ = {
			isa = PBXProject;
			attributes = {
				BuildIndependentTargetsInParallel = 1;
				LastSwiftUpdateCheck = 1420;
				LastUpgradeCheck = 1420;
				TargetAttributes = {
					E6DF15A32CDC53CC00F367F6 = {
						CreatedOnToolsVersion = 14.2;
					};
					E6DF15B42CDC53D800F367F6 = {
						CreatedOnToolsVersion = 14.2;
						TestTargetID = E6DF15A32CDC53CC00F367F6;
					};
					E6DF15BE2CDC53D800F367F6 = {
						CreatedOnToolsVersion = 14.2;
						TestTargetID = E6DF15A32CDC53CC00F367F6;
					};
				};
			};
			buildConfigurationList = E6DF159F2CDC53CC00F367F6 /* Build configuration list for PBXProject "Recipe" */;
			compatibilityVersion = "Xcode 14.0";
			developmentRegion = en;
			hasScannedForEncodings = 0;
			knownRegions = (
				en,
				Base,
			);
			mainGroup = E6DF159B2CDC53CC00F367F6;
			productRefGroup = E6DF15A52CDC53CC00F367F6 /* Products */;
			projectDirPath = "";
			projectRoot = "";
			targets = (
				E6DF15A32CDC53CC00F367F6 /* Recipe */,
				E6DF15B42CDC53D800F367F6 /* RecipeTests */,
				E6DF15BE2CDC53D800F367F6 /* RecipeUITests */,
			);
		};
/* End PBXProject section */

/* Begin PBXResourcesBuildPhase section */
		E6DF15A22CDC53CC00F367F6 /* Resources */ = {
			isa = PBXResourcesBuildPhase;
			buildActionMask = 2147483647;
			files = (
				E6DF15B02CDC53D700F367F6 /* Preview Assets.xcassets in Resources */,
				E6DF15AC2CDC53D700F367F6 /* Assets.xcassets in Resources */,
			);
			runOnlyForDeploymentPostprocessing = 0;
		};
		E6DF15B32CDC53D800F367F6 /* Resources */ = {
			isa = PBXResourcesBuildPhase;
			buildActionMask = 2147483647;
			files = (
			);
			runOnlyForDeploymentPostprocessing = 0;
		};
		E6DF15BD2CDC53D800F367F6 /* Resources */ = {
			isa = PBXResourcesBuildPhase;
			buildActionMask = 2147483647;
			files = (
			);
			runOnlyForDeploymentPostprocessing = 0;
		};
/* End PBXResourcesBuildPhase section */

/* Begin PBXSourcesBuildPhase section */
		E6DF15A02CDC53CC00F367F6 /* Sources */ = {
			isa = PBXSourcesBuildPhase;
			buildActionMask = 2147483647;
			files = (
				E6DF15DD2CDC562900F367F6 /* RecipeListView.swift in Sources */,
				E6DF15D62CDC549700F367F6 /* RecipeViewModel.swift in Sources */,
				E6DF15D72CDC549700F367F6 /* RecipeDataManager.swift in Sources */,
				E6DF15D52CDC549700F367F6 /* Recipe.swift in Sources */,
				E6DF15DF2CDC571500F367F6 /* ImageCache.swift in Sources */,
				E6DF15A82CDC53CC00F367F6 /* RecipeApp.swift in Sources */,
				E6DF15E12CDC57DB00F367F6 /* RecipeRow.swift in Sources */,
				E6FFC9462CDD5F850002FC8C /* CachedAsyncImage.swift in Sources */,
				E680E8DF2CDD472200F550DA /* RecipeDetailView.swift in Sources */,
			);
			runOnlyForDeploymentPostprocessing = 0;
		};
		E6DF15B12CDC53D800F367F6 /* Sources */ = {
			isa = PBXSourcesBuildPhase;
			buildActionMask = 2147483647;
			files = (
				E6DF15DB2CDC558200F367F6 /* RecipeViewModelTests.swift in Sources */,
				E6DF15D92CDC551300F367F6 /* RecipeModelTests.swift in Sources */,
			);
			runOnlyForDeploymentPostprocessing = 0;
		};
		E6DF15BB2CDC53D800F367F6 /* Sources */ = {
			isa = PBXSourcesBuildPhase;
			buildActionMask = 2147483647;
			files = (
				E6DF15C62CDC53D800F367F6 /* RecipeUITestsLaunchTests.swift in Sources */,
				E6DF15C42CDC53D800F367F6 /* RecipeUITests.swift in Sources */,
			);
			runOnlyForDeploymentPostprocessing = 0;
		};
/* End PBXSourcesBuildPhase section */

/* Begin PBXTargetDependency section */
		E6DF15B72CDC53D800F367F6 /* PBXTargetDependency */ = {
			isa = PBXTargetDependency;
			target = E6DF15A32CDC53CC00F367F6 /* Recipe */;
			targetProxy = E6DF15B62CDC53D800F367F6 /* PBXContainerItemProxy */;
		};
		E6DF15C12CDC53D800F367F6 /* PBXTargetDependency */ = {
			isa = PBXTargetDependency;
			target = E6DF15A32CDC53CC00F367F6 /* Recipe */;
			targetProxy = E6DF15C02CDC53D800F367F6 /* PBXContainerItemProxy */;
		};
/* End PBXTargetDependency section */

/* Begin XCBuildConfiguration section */
		E6DF15C72CDC53D800F367F6 /* Debug */ = {
			isa = XCBuildConfiguration;
			buildSettings = {
				ALWAYS_SEARCH_USER_PATHS = NO;
				CLANG_ANALYZER_NONNULL = YES;
				CLANG_ANALYZER_NUMBER_OBJECT_CONVERSION = YES_AGGRESSIVE;
				CLANG_CXX_LANGUAGE_STANDARD = "gnu++20";
				CLANG_ENABLE_MODULES = YES;
				CLANG_ENABLE_OBJC_ARC = YES;
				CLANG_ENABLE_OBJC_WEAK = YES;
				CLANG_WARN_BLOCK_CAPTURE_AUTORELEASING = YES;
				CLANG_WARN_BOOL_CONVERSION = YES;
				CLANG_WARN_COMMA = YES;
				CLANG_WARN_CONSTANT_CONVERSION = YES;
				CLANG_WARN_DEPRECATED_OBJC_IMPLEMENTATIONS = YES;
				CLANG_WARN_DIRECT_OBJC_ISA_USAGE = YES_ERROR;
				CLANG_WARN_DOCUMENTATION_COMMENTS = YES;
				CLANG_WARN_EMPTY_BODY = YES;
				CLANG_WARN_ENUM_CONVERSION = YES;
				CLANG_WARN_INFINITE_RECURSION = YES;
				CLANG_WARN_INT_CONVERSION = YES;
				CLANG_WARN_NON_LITERAL_NULL_CONVERSION = YES;
				CLANG_WARN_OBJC_IMPLICIT_RETAIN_SELF = YES;
				CLANG_WARN_OBJC_LITERAL_CONVERSION = YES;
				CLANG_WARN_OBJC_ROOT_CLASS = YES_ERROR;
				CLANG_WARN_QUOTED_INCLUDE_IN_FRAMEWORK_HEADER = YES;
				CLANG_WARN_RANGE_LOOP_ANALYSIS = YES;
				CLANG_WARN_STRICT_PROTOTYPES = YES;
				CLANG_WARN_SUSPICIOUS_MOVE = YES;
				CLANG_WARN_UNGUARDED_AVAILABILITY = YES_AGGRESSIVE;
				CLANG_WARN_UNREACHABLE_CODE = YES;
				CLANG_WARN__DUPLICATE_METHOD_MATCH = YES;
				COPY_PHASE_STRIP = NO;
				DEBUG_INFORMATION_FORMAT = dwarf;
				ENABLE_STRICT_OBJC_MSGSEND = YES;
				ENABLE_TESTABILITY = YES;
				GCC_C_LANGUAGE_STANDARD = gnu11;
				GCC_DYNAMIC_NO_PIC = NO;
				GCC_NO_COMMON_BLOCKS = YES;
				GCC_OPTIMIZATION_LEVEL = 0;
				GCC_PREPROCESSOR_DEFINITIONS = (
					"DEBUG=1",
					"$(inherited)",
				);
				GCC_WARN_64_TO_32_BIT_CONVERSION = YES;
				GCC_WARN_ABOUT_RETURN_TYPE = YES_ERROR;
				GCC_WARN_UNDECLARED_SELECTOR = YES;
				GCC_WARN_UNINITIALIZED_AUTOS = YES_AGGRESSIVE;
				GCC_WARN_UNUSED_FUNCTION = YES;
				GCC_WARN_UNUSED_VARIABLE = YES;
				MTL_ENABLE_DEBUG_INFO = INCLUDE_SOURCE;
				MTL_FAST_MATH = YES;
				ONLY_ACTIVE_ARCH = YES;
				SWIFT_ACTIVE_COMPILATION_CONDITIONS = DEBUG;
				SWIFT_OPTIMIZATION_LEVEL = "-Onone";
			};
			name = Debug;
		};
		E6DF15C82CDC53D800F367F6 /* Release */ = {
			isa = XCBuildConfiguration;
			buildSettings = {
				ALWAYS_SEARCH_USER_PATHS = NO;
				CLANG_ANALYZER_NONNULL = YES;
				CLANG_ANALYZER_NUMBER_OBJECT_CONVERSION = YES_AGGRESSIVE;
				CLANG_CXX_LANGUAGE_STANDARD = "gnu++20";
				CLANG_ENABLE_MODULES = YES;
				CLANG_ENABLE_OBJC_ARC = YES;
				CLANG_ENABLE_OBJC_WEAK = YES;
				CLANG_WARN_BLOCK_CAPTURE_AUTORELEASING = YES;
				CLANG_WARN_BOOL_CONVERSION = YES;
				CLANG_WARN_COMMA = YES;
				CLANG_WARN_CONSTANT_CONVERSION = YES;
				CLANG_WARN_DEPRECATED_OBJC_IMPLEMENTATIONS = YES;
				CLANG_WARN_DIRECT_OBJC_ISA_USAGE = YES_ERROR;
				CLANG_WARN_DOCUMENTATION_COMMENTS = YES;
				CLANG_WARN_EMPTY_BODY = YES;
				CLANG_WARN_ENUM_CONVERSION = YES;
				CLANG_WARN_INFINITE_RECURSION = YES;
				CLANG_WARN_INT_CONVERSION = YES;
				CLANG_WARN_NON_LITERAL_NULL_CONVERSION = YES;
				CLANG_WARN_OBJC_IMPLICIT_RETAIN_SELF = YES;
				CLANG_WARN_OBJC_LITERAL_CONVERSION = YES;
				CLANG_WARN_OBJC_ROOT_CLASS = YES_ERROR;
				CLANG_WARN_QUOTED_INCLUDE_IN_FRAMEWORK_HEADER = YES;
				CLANG_WARN_RANGE_LOOP_ANALYSIS = YES;
				CLANG_WARN_STRICT_PROTOTYPES = YES;
				CLANG_WARN_SUSPICIOUS_MOVE = YES;
				CLANG_WARN_UNGUARDED_AVAILABILITY = YES_AGGRESSIVE;
				CLANG_WARN_UNREACHABLE_CODE = YES;
				CLANG_WARN__DUPLICATE_METHOD_MATCH = YES;
				COPY_PHASE_STRIP = NO;
				DEBUG_INFORMATION_FORMAT = "dwarf-with-dsym";
				ENABLE_NS_ASSERTIONS = NO;
				ENABLE_STRICT_OBJC_MSGSEND = YES;
				GCC_C_LANGUAGE_STANDARD = gnu11;
				GCC_NO_COMMON_BLOCKS = YES;
				GCC_WARN_64_TO_32_BIT_CONVERSION = YES;
				GCC_WARN_ABOUT_RETURN_TYPE = YES_ERROR;
				GCC_WARN_UNDECLARED_SELECTOR = YES;
				GCC_WARN_UNINITIALIZED_AUTOS = YES_AGGRESSIVE;
				GCC_WARN_UNUSED_FUNCTION = YES;
				GCC_WARN_UNUSED_VARIABLE = YES;
				MTL_ENABLE_DEBUG_INFO = NO;
				MTL_FAST_MATH = YES;
				SWIFT_COMPILATION_MODE = wholemodule;
				SWIFT_OPTIMIZATION_LEVEL = "-O";
			};
			name = Release;
		};
		E6DF15CA2CDC53D800F367F6 /* Debug */ = {
			isa = XCBuildConfiguration;
			buildSettings = {
				ASSETCATALOG_COMPILER_APPICON_NAME = AppIcon;
				ASSETCATALOG_COMPILER_GLOBAL_ACCENT_COLOR_NAME = AccentColor;
				CODE_SIGN_ENTITLEMENTS = Recipe/Recipe.entitlements;
				CODE_SIGN_STYLE = Automatic;
				CURRENT_PROJECT_VERSION = 1;
				DEVELOPMENT_ASSET_PATHS = "\"Recipe/Preview Content\"";
				ENABLE_PREVIEWS = YES;
				GENERATE_INFOPLIST_FILE = YES;
				"INFOPLIST_KEY_UIApplicationSceneManifest_Generation[sdk=iphoneos*]" = YES;
				"INFOPLIST_KEY_UIApplicationSceneManifest_Generation[sdk=iphonesimulator*]" = YES;
				"INFOPLIST_KEY_UIApplicationSupportsIndirectInputEvents[sdk=iphoneos*]" = YES;
				"INFOPLIST_KEY_UIApplicationSupportsIndirectInputEvents[sdk=iphonesimulator*]" = YES;
				"INFOPLIST_KEY_UILaunchScreen_Generation[sdk=iphoneos*]" = YES;
				"INFOPLIST_KEY_UILaunchScreen_Generation[sdk=iphonesimulator*]" = YES;
				"INFOPLIST_KEY_UIStatusBarStyle[sdk=iphoneos*]" = UIStatusBarStyleDefault;
				"INFOPLIST_KEY_UIStatusBarStyle[sdk=iphonesimulator*]" = UIStatusBarStyleDefault;
				INFOPLIST_KEY_UISupportedInterfaceOrientations_iPad = "UIInterfaceOrientationPortrait UIInterfaceOrientationPortraitUpsideDown UIInterfaceOrientationLandscapeLeft UIInterfaceOrientationLandscapeRight";
				INFOPLIST_KEY_UISupportedInterfaceOrientations_iPhone = "UIInterfaceOrientationPortrait UIInterfaceOrientationLandscapeLeft UIInterfaceOrientationLandscapeRight";
				IPHONEOS_DEPLOYMENT_TARGET = 16.2;
				LD_RUNPATH_SEARCH_PATHS = "@executable_path/Frameworks";
				"LD_RUNPATH_SEARCH_PATHS[sdk=macosx*]" = "@executable_path/../Frameworks";
				MACOSX_DEPLOYMENT_TARGET = 12.7;
				MARKETING_VERSION = 1.0;
				PRODUCT_BUNDLE_IDENTIFIER = com.flexxxlab.Recipe;
				PRODUCT_NAME = "$(TARGET_NAME)";
				SDKROOT = auto;
				SUPPORTED_PLATFORMS = "iphoneos iphonesimulator";
				SUPPORTS_MACCATALYST = NO;
				SUPPORTS_MAC_DESIGNED_FOR_IPHONE_IPAD = NO;
				SWIFT_EMIT_LOC_STRINGS = YES;
				SWIFT_VERSION = 5.0;
				TARGETED_DEVICE_FAMILY = "1,2";
			};
			name = Debug;
		};
		E6DF15CB2CDC53D800F367F6 /* Release */ = {
			isa = XCBuildConfiguration;
			buildSettings = {
				ASSETCATALOG_COMPILER_APPICON_NAME = AppIcon;
				ASSETCATALOG_COMPILER_GLOBAL_ACCENT_COLOR_NAME = AccentColor;
				CODE_SIGN_ENTITLEMENTS = Recipe/Recipe.entitlements;
				CODE_SIGN_STYLE = Automatic;
				CURRENT_PROJECT_VERSION = 1;
				DEVELOPMENT_ASSET_PATHS = "\"Recipe/Preview Content\"";
				ENABLE_PREVIEWS = YES;
				GENERATE_INFOPLIST_FILE = YES;
				"INFOPLIST_KEY_UIApplicationSceneManifest_Generation[sdk=iphoneos*]" = YES;
				"INFOPLIST_KEY_UIApplicationSceneManifest_Generation[sdk=iphonesimulator*]" = YES;
				"INFOPLIST_KEY_UIApplicationSupportsIndirectInputEvents[sdk=iphoneos*]" = YES;
				"INFOPLIST_KEY_UIApplicationSupportsIndirectInputEvents[sdk=iphonesimulator*]" = YES;
				"INFOPLIST_KEY_UILaunchScreen_Generation[sdk=iphoneos*]" = YES;
				"INFOPLIST_KEY_UILaunchScreen_Generation[sdk=iphonesimulator*]" = YES;
				"INFOPLIST_KEY_UIStatusBarStyle[sdk=iphoneos*]" = UIStatusBarStyleDefault;
				"INFOPLIST_KEY_UIStatusBarStyle[sdk=iphonesimulator*]" = UIStatusBarStyleDefault;
				INFOPLIST_KEY_UISupportedInterfaceOrientations_iPad = "UIInterfaceOrientationPortrait UIInterfaceOrientationPortraitUpsideDown UIInterfaceOrientationLandscapeLeft UIInterfaceOrientationLandscapeRight";
				INFOPLIST_KEY_UISupportedInterfaceOrientations_iPhone = "UIInterfaceOrientationPortrait UIInterfaceOrientationLandscapeLeft UIInterfaceOrientationLandscapeRight";
				IPHONEOS_DEPLOYMENT_TARGET = 16.2;
				LD_RUNPATH_SEARCH_PATHS = "@executable_path/Frameworks";
				"LD_RUNPATH_SEARCH_PATHS[sdk=macosx*]" = "@executable_path/../Frameworks";
				MACOSX_DEPLOYMENT_TARGET = 12.7;
				MARKETING_VERSION = 1.0;
				PRODUCT_BUNDLE_IDENTIFIER = com.flexxxlab.Recipe;
				PRODUCT_NAME = "$(TARGET_NAME)";
				SDKROOT = auto;
				SUPPORTED_PLATFORMS = "iphoneos iphonesimulator";
				SUPPORTS_MACCATALYST = NO;
				SUPPORTS_MAC_DESIGNED_FOR_IPHONE_IPAD = NO;
				SWIFT_EMIT_LOC_STRINGS = YES;
				SWIFT_VERSION = 5.0;
				TARGETED_DEVICE_FAMILY = "1,2";
			};
			name = Release;
		};
		E6DF15CD2CDC53D800F367F6 /* Debug */ = {
			isa = XCBuildConfiguration;
			buildSettings = {
				ALWAYS_EMBED_SWIFT_STANDARD_LIBRARIES = YES;
				BUNDLE_LOADER = "$(TEST_HOST)";
				CODE_SIGN_STYLE = Automatic;
				CURRENT_PROJECT_VERSION = 1;
				GENERATE_INFOPLIST_FILE = YES;
				IPHONEOS_DEPLOYMENT_TARGET = 16.2;
				MACOSX_DEPLOYMENT_TARGET = 12.7;
				MARKETING_VERSION = 1.0;
				PRODUCT_BUNDLE_IDENTIFIER = com.flexxxlab.RecipeTests;
				PRODUCT_NAME = "$(TARGET_NAME)";
				SDKROOT = auto;
				SUPPORTED_PLATFORMS = "iphoneos iphonesimulator macosx";
				SWIFT_EMIT_LOC_STRINGS = NO;
				SWIFT_VERSION = 5.0;
				TARGETED_DEVICE_FAMILY = "1,2";
				TEST_HOST = "$(BUILT_PRODUCTS_DIR)/Recipe.app/$(BUNDLE_EXECUTABLE_FOLDER_PATH)/Recipe";
			};
			name = Debug;
		};
		E6DF15CE2CDC53D800F367F6 /* Release */ = {
			isa = XCBuildConfiguration;
			buildSettings = {
				ALWAYS_EMBED_SWIFT_STANDARD_LIBRARIES = YES;
				BUNDLE_LOADER = "$(TEST_HOST)";
				CODE_SIGN_STYLE = Automatic;
				CURRENT_PROJECT_VERSION = 1;
				GENERATE_INFOPLIST_FILE = YES;
				IPHONEOS_DEPLOYMENT_TARGET = 16.2;
				MACOSX_DEPLOYMENT_TARGET = 12.7;
				MARKETING_VERSION = 1.0;
				PRODUCT_BUNDLE_IDENTIFIER = com.flexxxlab.RecipeTests;
				PRODUCT_NAME = "$(TARGET_NAME)";
				SDKROOT = auto;
				SUPPORTED_PLATFORMS = "iphoneos iphonesimulator macosx";
				SWIFT_EMIT_LOC_STRINGS = NO;
				SWIFT_VERSION = 5.0;
				TARGETED_DEVICE_FAMILY = "1,2";
				TEST_HOST = "$(BUILT_PRODUCTS_DIR)/Recipe.app/$(BUNDLE_EXECUTABLE_FOLDER_PATH)/Recipe";
			};
			name = Release;
		};
		E6DF15D02CDC53D800F367F6 /* Debug */ = {
			isa = XCBuildConfiguration;
			buildSettings = {
				ALWAYS_EMBED_SWIFT_STANDARD_LIBRARIES = YES;
				CODE_SIGN_STYLE = Automatic;
				CURRENT_PROJECT_VERSION = 1;
				GENERATE_INFOPLIST_FILE = YES;
				IPHONEOS_DEPLOYMENT_TARGET = 16.2;
				MACOSX_DEPLOYMENT_TARGET = 12.7;
				MARKETING_VERSION = 1.0;
				PRODUCT_BUNDLE_IDENTIFIER = com.flexxxlab.RecipeUITests;
				PRODUCT_NAME = "$(TARGET_NAME)";
				SDKROOT = auto;
				SUPPORTED_PLATFORMS = "iphoneos iphonesimulator macosx";
				SWIFT_EMIT_LOC_STRINGS = NO;
				SWIFT_VERSION = 5.0;
				TARGETED_DEVICE_FAMILY = "1,2";
				TEST_TARGET_NAME = Recipe;
			};
			name = Debug;
		};
		E6DF15D12CDC53D800F367F6 /* Release */ = {
			isa = XCBuildConfiguration;
			buildSettings = {
				ALWAYS_EMBED_SWIFT_STANDARD_LIBRARIES = YES;
				CODE_SIGN_STYLE = Automatic;
				CURRENT_PROJECT_VERSION = 1;
				GENERATE_INFOPLIST_FILE = YES;
				IPHONEOS_DEPLOYMENT_TARGET = 16.2;
				MACOSX_DEPLOYMENT_TARGET = 12.7;
				MARKETING_VERSION = 1.0;
				PRODUCT_BUNDLE_IDENTIFIER = com.flexxxlab.RecipeUITests;
				PRODUCT_NAME = "$(TARGET_NAME)";
				SDKROOT = auto;
				SUPPORTED_PLATFORMS = "iphoneos iphonesimulator macosx";
				SWIFT_EMIT_LOC_STRINGS = NO;
				SWIFT_VERSION = 5.0;
				TARGETED_DEVICE_FAMILY = "1,2";
				TEST_TARGET_NAME = Recipe;
			};
			name = Release;
		};
/* End XCBuildConfiguration section */

/* Begin XCConfigurationList section */
		E6DF159F2CDC53CC00F367F6 /* Build configuration list for PBXProject "Recipe" */ = {
			isa = XCConfigurationList;
			buildConfigurations = (
				E6DF15C72CDC53D800F367F6 /* Debug */,
				E6DF15C82CDC53D800F367F6 /* Release */,
			);
			defaultConfigurationIsVisible = 0;
			defaultConfigurationName = Release;
		};
		E6DF15C92CDC53D800F367F6 /* Build configuration list for PBXNativeTarget "Recipe" */ = {
			isa = XCConfigurationList;
			buildConfigurations = (
				E6DF15CA2CDC53D800F367F6 /* Debug */,
				E6DF15CB2CDC53D800F367F6 /* Release */,
			);
			defaultConfigurationIsVisible = 0;
			defaultConfigurationName = Release;
		};
		E6DF15CC2CDC53D800F367F6 /* Build configuration list for PBXNativeTarget "RecipeTests" */ = {
			isa = XCConfigurationList;
			buildConfigurations = (
				E6DF15CD2CDC53D800F367F6 /* Debug */,
				E6DF15CE2CDC53D800F367F6 /* Release */,
			);
			defaultConfigurationIsVisible = 0;
			defaultConfigurationName = Release;
		};
		E6DF15CF2CDC53D800F367F6 /* Build configuration list for PBXNativeTarget "RecipeUITests" */ = {
			isa = XCConfigurationList;
			buildConfigurations = (
				E6DF15D02CDC53D800F367F6 /* Debug */,
				E6DF15D12CDC53D800F367F6 /* Release */,
			);
			defaultConfigurationIsVisible = 0;
			defaultConfigurationName = Release;
		};
/* End XCConfigurationList section */
	};
	rootObject = E6DF159C2CDC53CC00F367F6 /* Project object */;
}
